
Microsoft Visual Studio Solution File, Format Version 12.00
# Visual Studio Version 16
VisualStudioVersion = 16.0.30114.105
MinimumVisualStudioVersion = 10.0.40219.1
Project("{FAE04EC0-301F-11D3-BF4B-00C04F79EFBC}") = "AulaVirtual.UWP", "AulaVirtual\AulaVirtual.UWP\AulaVirtual.UWP.csproj", "{FB344862-301A-4ED9-B953-6DBA863BE6FC}"
EndProject
Project("{FAE04EC0-301F-11D3-BF4B-00C04F79EFBC}") = "AulaVirtual.Android", "AulaVirtual\AulaVirtual.Android\AulaVirtual.Android.csproj", "{23976F37-03E1-409D-B204-BDC29F116B10}"
EndProject
Project("{FAE04EC0-301F-11D3-BF4B-00C04F79EFBC}") = "AulaVirtual.iOS", "AulaVirtual\AulaVirtual.iOS\AulaVirtual.iOS.csproj", "{7EBB62E2-A68A-43F9-8DC8-453BE1AF5C32}"
EndProject
Project("{9A19103F-16F7-4668-BE54-9A1E7A4F7556}") = "AulaVirtual", "AulaVirtual\AulaVirtual\AulaVirtual.csproj", "{58847B5B-91C5-4B92-89F8-507352AA20F3}"
EndProject
Global
	GlobalSection(SolutionConfigurationPlatforms) = preSolution
		Debug (LocalStorage)|Any CPU = Debug (LocalStorage)|Any CPU
		Debug (LocalStorage)|ARM = Debug (LocalStorage)|ARM
		Debug (LocalStorage)|iPhone = Debug (LocalStorage)|iPhone
		Debug (LocalStorage)|iPhoneSimulator = Debug (LocalStorage)|iPhoneSimulator
		Debug (LocalStorage)|x64 = Debug (LocalStorage)|x64
		Debug (LocalStorage)|x86 = Debug (LocalStorage)|x86
		Debug (WebService)|Any CPU = Debug (WebService)|Any CPU
		Debug (WebService)|ARM = Debug (WebService)|ARM
		Debug (WebService)|iPhone = Debug (WebService)|iPhone
		Debug (WebService)|iPhoneSimulator = Debug (WebService)|iPhoneSimulator
		Debug (WebService)|x64 = Debug (WebService)|x64
		Debug (WebService)|x86 = Debug (WebService)|x86
		Debug|Any CPU = Debug|Any CPU
		Debug|ARM = Debug|ARM
		Debug|iPhone = Debug|iPhone
		Debug|iPhoneSimulator = Debug|iPhoneSimulator
		Debug|x64 = Debug|x64
		Debug|x86 = Debug|x86
		Release|Any CPU = Release|Any CPU
		Release|ARM = Release|ARM
		Release|iPhone = Release|iPhone
		Release|iPhoneSimulator = Release|iPhoneSimulator
		Release|x64 = Release|x64
		Release|x86 = Release|x86
	EndGlobalSection
	GlobalSection(ProjectConfigurationPlatforms) = postSolution
		{FB344862-301A-4ED9-B953-6DBA863BE6FC}.Debug (LocalStorage)|Any CPU.ActiveCfg = Debug (LocalStorage)|x86
		{FB344862-301A-4ED9-B953-6DBA863BE6FC}.Debug (LocalStorage)|ARM.ActiveCfg = Debug (LocalStorage)|ARM
		{FB344862-301A-4ED9-B953-6DBA863BE6FC}.Debug (LocalStorage)|ARM.Build.0 = Debug (LocalStorage)|ARM
		{FB344862-301A-4ED9-B953-6DBA863BE6FC}.Debug (LocalStorage)|ARM.Deploy.0 = Debug (LocalStorage)|ARM
		{FB344862-301A-4ED9-B953-6DBA863BE6FC}.Debug (LocalStorage)|iPhone.ActiveCfg = Debug (LocalStorage)|x86
		{FB344862-301A-4ED9-B953-6DBA863BE6FC}.Debug (LocalStorage)|iPhoneSimulator.ActiveCfg = Debug (LocalStorage)|x86
		{FB344862-301A-4ED9-B953-6DBA863BE6FC}.Debug (LocalStorage)|x64.ActiveCfg = Debug (LocalStorage)|x64
		{FB344862-301A-4ED9-B953-6DBA863BE6FC}.Debug (LocalStorage)|x64.Build.0 = Debug (LocalStorage)|x64
		{FB344862-301A-4ED9-B953-6DBA863BE6FC}.Debug (LocalStorage)|x64.Deploy.0 = Debug (LocalStorage)|x64
		{FB344862-301A-4ED9-B953-6DBA863BE6FC}.Debug (LocalStorage)|x86.ActiveCfg = Debug (LocalStorage)|x86
		{FB344862-301A-4ED9-B953-6DBA863BE6FC}.Debug (LocalStorage)|x86.Build.0 = Debug (LocalStorage)|x86
		{FB344862-301A-4ED9-B953-6DBA863BE6FC}.Debug (LocalStorage)|x86.Deploy.0 = Debug (LocalStorage)|x86
		{FB344862-301A-4ED9-B953-6DBA863BE6FC}.Debug (WebService)|Any CPU.ActiveCfg = Debug (WebService)|x86
		{FB344862-301A-4ED9-B953-6DBA863BE6FC}.Debug (WebService)|ARM.ActiveCfg = Debug (WebService)|ARM
		{FB344862-301A-4ED9-B953-6DBA863BE6FC}.Debug (WebService)|ARM.Build.0 = Debug (WebService)|ARM
		{FB344862-301A-4ED9-B953-6DBA863BE6FC}.Debug (WebService)|ARM.Deploy.0 = Debug (WebService)|ARM
		{FB344862-301A-4ED9-B953-6DBA863BE6FC}.Debug (WebService)|iPhone.ActiveCfg = Debug (WebService)|x86
		{FB344862-301A-4ED9-B953-6DBA863BE6FC}.Debug (WebService)|iPhoneSimulator.ActiveCfg = Debug (WebService)|x86
		{FB344862-301A-4ED9-B953-6DBA863BE6FC}.Debug (WebService)|x64.ActiveCfg = Debug (WebService)|x64
		{FB344862-301A-4ED9-B953-6DBA863BE6FC}.Debug (WebService)|x64.Build.0 = Debug (WebService)|x64
		{FB344862-301A-4ED9-B953-6DBA863BE6FC}.Debug (WebService)|x64.Deploy.0 = Debug (WebService)|x64
		{FB344862-301A-4ED9-B953-6DBA863BE6FC}.Debug (WebService)|x86.ActiveCfg = Debug (WebService)|x86
		{FB344862-301A-4ED9-B953-6DBA863BE6FC}.Debug (WebService)|x86.Build.0 = Debug (WebService)|x86
		{FB344862-301A-4ED9-B953-6DBA863BE6FC}.Debug (WebService)|x86.Deploy.0 = Debug (WebService)|x86
		{FB344862-301A-4ED9-B953-6DBA863BE6FC}.Debug|Any CPU.ActiveCfg = Debug|x86
		{FB344862-301A-4ED9-B953-6DBA863BE6FC}.Debug|Any CPU.Build.0 = Debug|x86
		{FB344862-301A-4ED9-B953-6DBA863BE6FC}.Debug|Any CPU.Deploy.0 = Debug|x86
		{FB344862-301A-4ED9-B953-6DBA863BE6FC}.Debug|ARM.ActiveCfg = Debug|ARM
		{FB344862-301A-4ED9-B953-6DBA863BE6FC}.Debug|ARM.Build.0 = Debug|ARM
		{FB344862-301A-4ED9-B953-6DBA863BE6FC}.Debug|ARM.Deploy.0 = Debug|ARM
		{FB344862-301A-4ED9-B953-6DBA863BE6FC}.Debug|iPhone.ActiveCfg = Debug|x86
		{FB344862-301A-4ED9-B953-6DBA863BE6FC}.Debug|iPhone.Build.0 = Debug|x86
		{FB344862-301A-4ED9-B953-6DBA863BE6FC}.Debug|iPhone.Deploy.0 = Debug|x86
		{FB344862-301A-4ED9-B953-6DBA863BE6FC}.Debug|iPhoneSimulator.ActiveCfg = Debug|x86
		{FB344862-301A-4ED9-B953-6DBA863BE6FC}.Debug|iPhoneSimulator.Build.0 = Debug|x86
		{FB344862-301A-4ED9-B953-6DBA863BE6FC}.Debug|iPhoneSimulator.Deploy.0 = Debug|x86
		{FB344862-301A-4ED9-B953-6DBA863BE6FC}.Debug|x64.ActiveCfg = Debug|x64
		{FB344862-301A-4ED9-B953-6DBA863BE6FC}.Debug|x64.Build.0 = Debug|x64
		{FB344862-301A-4ED9-B953-6DBA863BE6FC}.Debug|x64.Deploy.0 = Debug|x64
		{FB344862-301A-4ED9-B953-6DBA863BE6FC}.Debug|x86.ActiveCfg = Debug|x86
		{FB344862-301A-4ED9-B953-6DBA863BE6FC}.Debug|x86.Build.0 = Debug|x86
		{FB344862-301A-4ED9-B953-6DBA863BE6FC}.Debug|x86.Deploy.0 = Debug|x86
		{FB344862-301A-4ED9-B953-6DBA863BE6FC}.Release|Any CPU.ActiveCfg = Release|x86
		{FB344862-301A-4ED9-B953-6DBA863BE6FC}.Release|Any CPU.Build.0 = Release|x86
		{FB344862-301A-4ED9-B953-6DBA863BE6FC}.Release|Any CPU.Deploy.0 = Release|x86
		{FB344862-301A-4ED9-B953-6DBA863BE6FC}.Release|ARM.ActiveCfg = Release|ARM
		{FB344862-301A-4ED9-B953-6DBA863BE6FC}.Release|ARM.Build.0 = Release|ARM
		{FB344862-301A-4ED9-B953-6DBA863BE6FC}.Release|ARM.Deploy.0 = Release|ARM
		{FB344862-301A-4ED9-B953-6DBA863BE6FC}.Release|iPhone.ActiveCfg = Release|x86
		{FB344862-301A-4ED9-B953-6DBA863BE6FC}.Release|iPhone.Build.0 = Release|x86
		{FB344862-301A-4ED9-B953-6DBA863BE6FC}.Release|iPhone.Deploy.0 = Release|x86
		{FB344862-301A-4ED9-B953-6DBA863BE6FC}.Release|iPhoneSimulator.ActiveCfg = Release|x86
		{FB344862-301A-4ED9-B953-6DBA863BE6FC}.Release|iPhoneSimulator.Build.0 = Release|x86
		{FB344862-301A-4ED9-B953-6DBA863BE6FC}.Release|iPhoneSimulator.Deploy.0 = Release|x86
		{FB344862-301A-4ED9-B953-6DBA863BE6FC}.Release|x64.ActiveCfg = Release|x64
		{FB344862-301A-4ED9-B953-6DBA863BE6FC}.Release|x64.Build.0 = Release|x64
		{FB344862-301A-4ED9-B953-6DBA863BE6FC}.Release|x64.Deploy.0 = Release|x64
		{FB344862-301A-4ED9-B953-6DBA863BE6FC}.Release|x86.ActiveCfg = Release|x86
		{FB344862-301A-4ED9-B953-6DBA863BE6FC}.Release|x86.Build.0 = Release|x86
		{FB344862-301A-4ED9-B953-6DBA863BE6FC}.Release|x86.Deploy.0 = Release|x86
		{23976F37-03E1-409D-B204-BDC29F116B10}.Debug (LocalStorage)|Any CPU.ActiveCfg = Debug (LocalStorage)|Any CPU
		{23976F37-03E1-409D-B204-BDC29F116B10}.Debug (LocalStorage)|Any CPU.Build.0 = Debug (LocalStorage)|Any CPU
		{23976F37-03E1-409D-B204-BDC29F116B10}.Debug (LocalStorage)|Any CPU.Deploy.0 = Debug (LocalStorage)|Any CPU
		{23976F37-03E1-409D-B204-BDC29F116B10}.Debug (LocalStorage)|ARM.ActiveCfg = Debug (LocalStorage)|Any CPU
		{23976F37-03E1-409D-B204-BDC29F116B10}.Debug (LocalStorage)|ARM.Build.0 = Debug (LocalStorage)|Any CPU
		{23976F37-03E1-409D-B204-BDC29F116B10}.Debug (LocalStorage)|ARM.Deploy.0 = Debug (LocalStorage)|Any CPU
		{23976F37-03E1-409D-B204-BDC29F116B10}.Debug (LocalStorage)|iPhone.ActiveCfg = Debug (LocalStorage)|Any CPU
		{23976F37-03E1-409D-B204-BDC29F116B10}.Debug (LocalStorage)|iPhone.Build.0 = Debug (LocalStorage)|Any CPU
		{23976F37-03E1-409D-B204-BDC29F116B10}.Debug (LocalStorage)|iPhone.Deploy.0 = Debug (LocalStorage)|Any CPU
		{23976F37-03E1-409D-B204-BDC29F116B10}.Debug (LocalStorage)|iPhoneSimulator.ActiveCfg = Debug (LocalStorage)|Any CPU
		{23976F37-03E1-409D-B204-BDC29F116B10}.Debug (LocalStorage)|iPhoneSimulator.Build.0 = Debug (LocalStorage)|Any CPU
		{23976F37-03E1-409D-B204-BDC29F116B10}.Debug (LocalStorage)|iPhoneSimulator.Deploy.0 = Debug (LocalStorage)|Any CPU
		{23976F37-03E1-409D-B204-BDC29F116B10}.Debug (LocalStorage)|x64.ActiveCfg = Debug (LocalStorage)|Any CPU
		{23976F37-03E1-409D-B204-BDC29F116B10}.Debug (LocalStorage)|x64.Build.0 = Debug (LocalStorage)|Any CPU
		{23976F37-03E1-409D-B204-BDC29F116B10}.Debug (LocalStorage)|x64.Deploy.0 = Debug (LocalStorage)|Any CPU
		{23976F37-03E1-409D-B204-BDC29F116B10}.Debug (LocalStorage)|x86.ActiveCfg = Debug (LocalStorage)|Any CPU
		{23976F37-03E1-409D-B204-BDC29F116B10}.Debug (LocalStorage)|x86.Build.0 = Debug (LocalStorage)|Any CPU
		{23976F37-03E1-409D-B204-BDC29F116B10}.Debug (LocalStorage)|x86.Deploy.0 = Debug (LocalStorage)|Any CPU
		{23976F37-03E1-409D-B204-BDC29F116B10}.Debug (WebService)|Any CPU.ActiveCfg = Debug (WebService)|Any CPU
		{23976F37-03E1-409D-B204-BDC29F116B10}.Debug (WebService)|Any CPU.Build.0 = Debug (WebService)|Any CPU
		{23976F37-03E1-409D-B204-BDC29F116B10}.Debug (WebService)|Any CPU.Deploy.0 = Debug (WebService)|Any CPU
		{23976F37-03E1-409D-B204-BDC29F116B10}.Debug (WebService)|ARM.ActiveCfg = Debug (WebService)|Any CPU
		{23976F37-03E1-409D-B204-BDC29F116B10}.Debug (WebService)|ARM.Build.0 = Debug (WebService)|Any CPU
		{23976F37-03E1-409D-B204-BDC29F116B10}.Debug (WebService)|ARM.Deploy.0 = Debug (WebService)|Any CPU
		{23976F37-03E1-409D-B204-BDC29F116B10}.Debug (WebService)|iPhone.ActiveCfg = Debug (WebService)|Any CPU
		{23976F37-03E1-409D-B204-BDC29F116B10}.Debug (WebService)|iPhone.Build.0 = Debug (WebService)|Any CPU
		{23976F37-03E1-409D-B204-BDC29F116B10}.Debug (WebService)|iPhone.Deploy.0 = Debug (WebService)|Any CPU
		{23976F37-03E1-409D-B204-BDC29F116B10}.Debug (WebService)|iPhoneSimulator.ActiveCfg = Debug (WebService)|Any CPU
		{23976F37-03E1-409D-B204-BDC29F116B10}.Debug (WebService)|iPhoneSimulator.Build.0 = Debug (WebService)|Any CPU
		{23976F37-03E1-409D-B204-BDC29F116B10}.Debug (WebService)|iPhoneSimulator.Deploy.0 = Debug (WebService)|Any CPU
		{23976F37-03E1-409D-B204-BDC29F116B10}.Debug (WebService)|x64.ActiveCfg = Debug (WebService)|Any CPU
		{23976F37-03E1-409D-B204-BDC29F116B10}.Debug (WebService)|x64.Build.0 = Debug (WebService)|Any CPU
		{23976F37-03E1-409D-B204-BDC29F116B10}.Debug (WebService)|x64.Deploy.0 = Debug (WebService)|Any CPU
		{23976F37-03E1-409D-B204-BDC29F116B10}.Debug (WebService)|x86.ActiveCfg = Debug (WebService)|Any CPU
		{23976F37-03E1-409D-B204-BDC29F116B10}.Debug (WebService)|x86.Build.0 = Debug (WebService)|Any CPU
		{23976F37-03E1-409D-B204-BDC29F116B10}.Debug (WebService)|x86.Deploy.0 = Debug (WebService)|Any CPU
		{23976F37-03E1-409D-B204-BDC29F116B10}.Debug|Any CPU.ActiveCfg = Debug|Any CPU
		{23976F37-03E1-409D-B204-BDC29F116B10}.Debug|Any CPU.Build.0 = Debug|Any CPU
		{23976F37-03E1-409D-B204-BDC29F116B10}.Debug|Any CPU.Deploy.0 = Debug|Any CPU
		{23976F37-03E1-409D-B204-BDC29F116B10}.Debug|ARM.ActiveCfg = Debug|Any CPU
		{23976F37-03E1-409D-B204-BDC29F116B10}.Debug|ARM.Build.0 = Debug|Any CPU
		{23976F37-03E1-409D-B204-BDC29F116B10}.Debug|ARM.Deploy.0 = Debug|Any CPU
		{23976F37-03E1-409D-B204-BDC29F116B10}.Debug|iPhone.ActiveCfg = Debug|Any CPU
		{23976F37-03E1-409D-B204-BDC29F116B10}.Debug|iPhone.Build.0 = Debug|Any CPU
		{23976F37-03E1-409D-B204-BDC29F116B10}.Debug|iPhone.Deploy.0 = Debug|Any CPU
		{23976F37-03E1-409D-B204-BDC29F116B10}.Debug|iPhoneSimulator.ActiveCfg = Debug|Any CPU
		{23976F37-03E1-409D-B204-BDC29F116B10}.Debug|iPhoneSimulator.Build.0 = Debug|Any CPU
		{23976F37-03E1-409D-B204-BDC29F116B10}.Debug|iPhoneSimulator.Deploy.0 = Debug|Any CPU
		{23976F37-03E1-409D-B204-BDC29F116B10}.Debug|x64.ActiveCfg = Debug|Any CPU
		{23976F37-03E1-409D-B204-BDC29F116B10}.Debug|x64.Build.0 = Debug|Any CPU
		{23976F37-03E1-409D-B204-BDC29F116B10}.Debug|x64.Deploy.0 = Debug|Any CPU
		{23976F37-03E1-409D-B204-BDC29F116B10}.Debug|x86.ActiveCfg = Debug|Any CPU
		{23976F37-03E1-409D-B204-BDC29F116B10}.Debug|x86.Build.0 = Debug|Any CPU
		{23976F37-03E1-409D-B204-BDC29F116B10}.Debug|x86.Deploy.0 = Debug|Any CPU
		{23976F37-03E1-409D-B204-BDC29F116B10}.Release|Any CPU.ActiveCfg = Release|Any CPU
		{23976F37-03E1-409D-B204-BDC29F116B10}.Release|Any CPU.Build.0 = Release|Any CPU
		{23976F37-03E1-409D-B204-BDC29F116B10}.Release|Any CPU.Deploy.0 = Release|Any CPU
		{23976F37-03E1-409D-B204-BDC29F116B10}.Release|ARM.ActiveCfg = Release|Any CPU
		{23976F37-03E1-409D-B204-BDC29F116B10}.Release|ARM.Build.0 = Release|Any CPU
		{23976F37-03E1-409D-B204-BDC29F116B10}.Release|ARM.Deploy.0 = Release|Any CPU
		{23976F37-03E1-409D-B204-BDC29F116B10}.Release|iPhone.ActiveCfg = Release|Any CPU
		{23976F37-03E1-409D-B204-BDC29F116B10}.Release|iPhone.Build.0 = Release|Any CPU
		{23976F37-03E1-409D-B204-BDC29F116B10}.Release|iPhone.Deploy.0 = Release|Any CPU
		{23976F37-03E1-409D-B204-BDC29F116B10}.Release|iPhoneSimulator.ActiveCfg = Release|Any CPU
		{23976F37-03E1-409D-B204-BDC29F116B10}.Release|iPhoneSimulator.Build.0 = Release|Any CPU
		{23976F37-03E1-409D-B204-BDC29F116B10}.Release|iPhoneSimulator.Deploy.0 = Release|Any CPU
		{23976F37-03E1-409D-B204-BDC29F116B10}.Release|x64.ActiveCfg = Release|Any CPU
		{23976F37-03E1-409D-B204-BDC29F116B10}.Release|x64.Build.0 = Release|Any CPU
		{23976F37-03E1-409D-B204-BDC29F116B10}.Release|x64.Deploy.0 = Release|Any CPU
		{23976F37-03E1-409D-B204-BDC29F116B10}.Release|x86.ActiveCfg = Release|Any CPU
		{23976F37-03E1-409D-B204-BDC29F116B10}.Release|x86.Build.0 = Release|Any CPU
		{23976F37-03E1-409D-B204-BDC29F116B10}.Release|x86.Deploy.0 = Release|Any CPU
		{7EBB62E2-A68A-43F9-8DC8-453BE1AF5C32}.Debug (LocalStorage)|Any CPU.ActiveCfg = Debug (LocalStorage)|iPhone
		{7EBB62E2-A68A-43F9-8DC8-453BE1AF5C32}.Debug (LocalStorage)|ARM.ActiveCfg = Debug (LocalStorage)|iPhone
		{7EBB62E2-A68A-43F9-8DC8-453BE1AF5C32}.Debug (LocalStorage)|iPhone.ActiveCfg = Debug (LocalStorage)|iPhone
		{7EBB62E2-A68A-43F9-8DC8-453BE1AF5C32}.Debug (LocalStorage)|iPhone.Build.0 = Debug (LocalStorage)|iPhone
		{7EBB62E2-A68A-43F9-8DC8-453BE1AF5C32}.Debug (LocalStorage)|iPhoneSimulator.ActiveCfg = Debug (LocalStorage)|iPhoneSimulator
		{7EBB62E2-A68A-43F9-8DC8-453BE1AF5C32}.Debug (LocalStorage)|iPhoneSimulator.Build.0 = Debug (LocalStorage)|iPhoneSimulator
		{7EBB62E2-A68A-43F9-8DC8-453BE1AF5C32}.Debug (LocalStorage)|x64.ActiveCfg = Debug (LocalStorage)|iPhone
		{7EBB62E2-A68A-43F9-8DC8-453BE1AF5C32}.Debug (LocalStorage)|x86.ActiveCfg = Debug (LocalStorage)|iPhone
		{7EBB62E2-A68A-43F9-8DC8-453BE1AF5C32}.Debug (WebService)|Any CPU.ActiveCfg = Debug (WebService)|iPhone
		{7EBB62E2-A68A-43F9-8DC8-453BE1AF5C32}.Debug (WebService)|ARM.ActiveCfg = Debug (WebService)|iPhone
		{7EBB62E2-A68A-43F9-8DC8-453BE1AF5C32}.Debug (WebService)|iPhone.ActiveCfg = Debug (WebService)|iPhone
		{7EBB62E2-A68A-43F9-8DC8-453BE1AF5C32}.Debug (WebService)|iPhone.Build.0 = Debug (WebService)|iPhone
		{7EBB62E2-A68A-43F9-8DC8-453BE1AF5C32}.Debug (WebService)|iPhone.Deploy.0 = Debug (WebService)|iPhone
		{7EBB62E2-A68A-43F9-8DC8-453BE1AF5C32}.Debug (WebService)|iPhoneSimulator.ActiveCfg = Debug (WebService)|iPhoneSimulator
		{7EBB62E2-A68A-43F9-8DC8-453BE1AF5C32}.Debug (WebService)|iPhoneSimulator.Build.0 = Debug (WebService)|iPhoneSimulator
		{7EBB62E2-A68A-43F9-8DC8-453BE1AF5C32}.Debug (WebService)|iPhoneSimulator.Deploy.0 = Debug (WebService)|iPhoneSimulator
		{7EBB62E2-A68A-43F9-8DC8-453BE1AF5C32}.Debug (WebService)|x64.ActiveCfg = Debug (WebService)|iPhone
		{7EBB62E2-A68A-43F9-8DC8-453BE1AF5C32}.Debug (WebService)|x86.ActiveCfg = Debug (WebService)|iPhone
		{7EBB62E2-A68A-43F9-8DC8-453BE1AF5C32}.Debug|Any CPU.ActiveCfg = Debug|iPhone
		{7EBB62E2-A68A-43F9-8DC8-453BE1AF5C32}.Debug|Any CPU.Build.0 = Debug|iPhone
		{7EBB62E2-A68A-43F9-8DC8-453BE1AF5C32}.Debug|Any CPU.Deploy.0 = Debug|iPhone
		{7EBB62E2-A68A-43F9-8DC8-453BE1AF5C32}.Debug|ARM.ActiveCfg = Debug|iPhone
		{7EBB62E2-A68A-43F9-8DC8-453BE1AF5C32}.Debug|ARM.Build.0 = Debug|iPhone
		{7EBB62E2-A68A-43F9-8DC8-453BE1AF5C32}.Debug|ARM.Deploy.0 = Debug|iPhone
		{7EBB62E2-A68A-43F9-8DC8-453BE1AF5C32}.Debug|iPhone.ActiveCfg = Debug|iPhone
		{7EBB62E2-A68A-43F9-8DC8-453BE1AF5C32}.Debug|iPhone.Build.0 = Debug|iPhone
		{7EBB62E2-A68A-43F9-8DC8-453BE1AF5C32}.Debug|iPhone.Deploy.0 = Debug|iPhone
		{7EBB62E2-A68A-43F9-8DC8-453BE1AF5C32}.Debug|iPhoneSimulator.ActiveCfg = Debug|iPhoneSimulator
		{7EBB62E2-A68A-43F9-8DC8-453BE1AF5C32}.Debug|iPhoneSimulator.Build.0 = Debug|iPhoneSimulator
		{7EBB62E2-A68A-43F9-8DC8-453BE1AF5C32}.Debug|iPhoneSimulator.Deploy.0 = Debug|iPhoneSimulator
		{7EBB62E2-A68A-43F9-8DC8-453BE1AF5C32}.Debug|x64.ActiveCfg = Debug|iPhone
		{7EBB62E2-A68A-43F9-8DC8-453BE1AF5C32}.Debug|x64.Build.0 = Debug|iPhone
		{7EBB62E2-A68A-43F9-8DC8-453BE1AF5C32}.Debug|x64.Deploy.0 = Debug|iPhone
		{7EBB62E2-A68A-43F9-8DC8-453BE1AF5C32}.Debug|x86.ActiveCfg = Debug|iPhone
		{7EBB62E2-A68A-43F9-8DC8-453BE1AF5C32}.Debug|x86.Build.0 = Debug|iPhone
		{7EBB62E2-A68A-43F9-8DC8-453BE1AF5C32}.Debug|x86.Deploy.0 = Debug|iPhone
		{7EBB62E2-A68A-43F9-8DC8-453BE1AF5C32}.Release|Any CPU.ActiveCfg = Release|iPhone
		{7EBB62E2-A68A-43F9-8DC8-453BE1AF5C32}.Release|Any CPU.Build.0 = Release|iPhone
		{7EBB62E2-A68A-43F9-8DC8-453BE1AF5C32}.Release|Any CPU.Deploy.0 = Release|iPhone
		{7EBB62E2-A68A-43F9-8DC8-453BE1AF5C32}.Release|ARM.ActiveCfg = Release|iPhone
		{7EBB62E2-A68A-43F9-8DC8-453BE1AF5C32}.Release|ARM.Build.0 = Release|iPhone
		{7EBB62E2-A68A-43F9-8DC8-453BE1AF5C32}.Release|ARM.Deploy.0 = Release|iPhone
		{7EBB62E2-A68A-43F9-8DC8-453BE1AF5C32}.Release|iPhone.ActiveCfg = Release|iPhone
		{7EBB62E2-A68A-43F9-8DC8-453BE1AF5C32}.Release|iPhone.Build.0 = Release|iPhone
		{7EBB62E2-A68A-43F9-8DC8-453BE1AF5C32}.Release|iPhone.Deploy.0 = Release|iPhone
		{7EBB62E2-A68A-43F9-8DC8-453BE1AF5C32}.Release|iPhoneSimulator.ActiveCfg = Release|iPhoneSimulator
		{7EBB62E2-A68A-43F9-8DC8-453BE1AF5C32}.Release|iPhoneSimulator.Build.0 = Release|iPhoneSimulator
		{7EBB62E2-A68A-43F9-8DC8-453BE1AF5C32}.Release|iPhoneSimulator.Deploy.0 = Release|iPhoneSimulator
		{7EBB62E2-A68A-43F9-8DC8-453BE1AF5C32}.Release|x64.ActiveCfg = Release|iPhone
		{7EBB62E2-A68A-43F9-8DC8-453BE1AF5C32}.Release|x64.Build.0 = Release|iPhone
		{7EBB62E2-A68A-43F9-8DC8-453BE1AF5C32}.Release|x64.Deploy.0 = Release|iPhone
		{7EBB62E2-A68A-43F9-8DC8-453BE1AF5C32}.Release|x86.ActiveCfg = Release|iPhone
		{7EBB62E2-A68A-43F9-8DC8-453BE1AF5C32}.Release|x86.Build.0 = Release|iPhone
		{7EBB62E2-A68A-43F9-8DC8-453BE1AF5C32}.Release|x86.Deploy.0 = Release|iPhone
		{58847B5B-91C5-4B92-89F8-507352AA20F3}.Debug (LocalStorage)|Any CPU.ActiveCfg = Debug (LocalStorage)|Any CPU
		{58847B5B-91C5-4B92-89F8-507352AA20F3}.Debug (LocalStorage)|Any CPU.Build.0 = Debug (LocalStorage)|Any CPU
		{58847B5B-91C5-4B92-89F8-507352AA20F3}.Debug (LocalStorage)|ARM.ActiveCfg = Debug (LocalStorage)|Any CPU
		{58847B5B-91C5-4B92-89F8-507352AA20F3}.Debug (LocalStorage)|ARM.Build.0 = Debug (LocalStorage)|Any CPU
		{58847B5B-91C5-4B92-89F8-507352AA20F3}.Debug (LocalStorage)|iPhone.ActiveCfg = Debug (LocalStorage)|Any CPU
		{58847B5B-91C5-4B92-89F8-507352AA20F3}.Debug (LocalStorage)|iPhone.Build.0 = Debug (LocalStorage)|Any CPU
		{58847B5B-91C5-4B92-89F8-507352AA20F3}.Debug (LocalStorage)|iPhoneSimulator.ActiveCfg = Debug (LocalStorage)|Any CPU
		{58847B5B-91C5-4B92-89F8-507352AA20F3}.Debug (LocalStorage)|iPhoneSimulator.Build.0 = Debug (LocalStorage)|Any CPU
		{58847B5B-91C5-4B92-89F8-507352AA20F3}.Debug (LocalStorage)|x64.ActiveCfg = Debug (LocalStorage)|Any CPU
		{58847B5B-91C5-4B92-89F8-507352AA20F3}.Debug (LocalStorage)|x64.Build.0 = Debug (LocalStorage)|Any CPU
		{58847B5B-91C5-4B92-89F8-507352AA20F3}.Debug (LocalStorage)|x86.ActiveCfg = Debug (LocalStorage)|Any CPU
		{58847B5B-91C5-4B92-89F8-507352AA20F3}.Debug (LocalStorage)|x86.Build.0 = Debug (LocalStorage)|Any CPU
		{58847B5B-91C5-4B92-89F8-507352AA20F3}.Debug (WebService)|Any CPU.ActiveCfg = Debug (WebService)|Any CPU
		{58847B5B-91C5-4B92-89F8-507352AA20F3}.Debug (WebService)|Any CPU.Build.0 = Debug (WebService)|Any CPU
		{58847B5B-91C5-4B92-89F8-507352AA20F3}.Debug (WebService)|ARM.ActiveCfg = Debug (WebService)|Any CPU
		{58847B5B-91C5-4B92-89F8-507352AA20F3}.Debug (WebService)|ARM.Build.0 = Debug (WebService)|Any CPU
		{58847B5B-91C5-4B92-89F8-507352AA20F3}.Debug (WebService)|iPhone.ActiveCfg = Debug (WebService)|Any CPU
		{58847B5B-91C5-4B92-89F8-507352AA20F3}.Debug (WebService)|iPhone.Build.0 = Debug (WebService)|Any CPU
		{58847B5B-91C5-4B92-89F8-507352AA20F3}.Debug (WebService)|iPhoneSimulator.ActiveCfg = Debug (WebService)|Any CPU
		{58847B5B-91C5-4B92-89F8-507352AA20F3}.Debug (WebService)|iPhoneSimulator.Build.0 = Debug (WebService)|Any CPU
		{58847B5B-91C5-4B92-89F8-507352AA20F3}.Debug (WebService)|x64.ActiveCfg = Debug (WebService)|Any CPU
		{58847B5B-91C5-4B92-89F8-507352AA20F3}.Debug (WebService)|x64.Build.0 = Debug (WebService)|Any CPU
		{58847B5B-91C5-4B92-89F8-507352AA20F3}.Debug (WebService)|x86.ActiveCfg = Debug (WebService)|Any CPU
		{58847B5B-91C5-4B92-89F8-507352AA20F3}.Debug (WebService)|x86.Build.0 = Debug (WebService)|Any CPU
		{58847B5B-91C5-4B92-89F8-507352AA20F3}.Debug|Any CPU.ActiveCfg = Debug|Any CPU
		{58847B5B-91C5-4B92-89F8-507352AA20F3}.Debug|Any CPU.Build.0 = Debug|Any CPU
		{58847B5B-91C5-4B92-89F8-507352AA20F3}.Debug|Any CPU.Deploy.0 = Debug|Any CPU
		{58847B5B-91C5-4B92-89F8-507352AA20F3}.Debug|ARM.ActiveCfg = Debug|Any CPU
		{58847B5B-91C5-4B92-89F8-507352AA20F3}.Debug|ARM.Build.0 = Debug|Any CPU
		{58847B5B-91C5-4B92-89F8-507352AA20F3}.Debug|ARM.Deploy.0 = Debug|Any CPU
		{58847B5B-91C5-4B92-89F8-507352AA20F3}.Debug|iPhone.ActiveCfg = Debug|Any CPU
		{58847B5B-91C5-4B92-89F8-507352AA20F3}.Debug|iPhone.Build.0 = Debug|Any CPU
		{58847B5B-91C5-4B92-89F8-507352AA20F3}.Debug|iPhone.Deploy.0 = Debug|Any CPU
		{58847B5B-91C5-4B92-89F8-507352AA20F3}.Debug|iPhoneSimulator.ActiveCfg = Debug|Any CPU
		{58847B5B-91C5-4B92-89F8-507352AA20F3}.Debug|iPhoneSimulator.Build.0 = Debug|Any CPU
		{58847B5B-91C5-4B92-89F8-507352AA20F3}.Debug|iPhoneSimulator.Deploy.0 = Debug|Any CPU
		{58847B5B-91C5-4B92-89F8-507352AA20F3}.Debug|x64.ActiveCfg = Debug|Any CPU
		{58847B5B-91C5-4B92-89F8-507352AA20F3}.Debug|x64.Build.0 = Debug|Any CPU
		{58847B5B-91C5-4B92-89F8-507352AA20F3}.Debug|x64.Deploy.0 = Debug|Any CPU
		{58847B5B-91C5-4B92-89F8-507352AA20F3}.Debug|x86.ActiveCfg = Debug|Any CPU
		{58847B5B-91C5-4B92-89F8-507352AA20F3}.Debug|x86.Build.0 = Debug|Any CPU
		{58847B5B-91C5-4B92-89F8-507352AA20F3}.Debug|x86.Deploy.0 = Debug|Any CPU
		{58847B5B-91C5-4B92-89F8-507352AA20F3}.Release|Any CPU.ActiveCfg = Release|Any CPU
		{58847B5B-91C5-4B92-89F8-507352AA20F3}.Release|Any CPU.Build.0 = Release|Any CPU
		{58847B5B-91C5-4B92-89F8-507352AA20F3}.Release|Any CPU.Deploy.0 = Release|Any CPU
		{58847B5B-91C5-4B92-89F8-507352AA20F3}.Release|ARM.ActiveCfg = Release|Any CPU
		{58847B5B-91C5-4B92-89F8-507352AA20F3}.Release|ARM.Build.0 = Release|Any CPU
		{58847B5B-91C5-4B92-89F8-507352AA20F3}.Release|ARM.Deploy.0 = Release|Any CPU
		{58847B5B-91C5-4B92-89F8-507352AA20F3}.Release|iPhone.ActiveCfg = Release|Any CPU
		{58847B5B-91C5-4B92-89F8-507352AA20F3}.Release|iPhone.Build.0 = Release|Any CPU
		{58847B5B-91C5-4B92-89F8-507352AA20F3}.Release|iPhone.Deploy.0 = Release|Any CPU
		{58847B5B-91C5-4B92-89F8-507352AA20F3}.Release|iPhoneSimulator.ActiveCfg = Release|Any CPU
		{58847B5B-91C5-4B92-89F8-507352AA20F3}.Release|iPhoneSimulator.Build.0 = Release|Any CPU
		{58847B5B-91C5-4B92-89F8-507352AA20F3}.Release|iPhoneSimulator.Deploy.0 = Release|Any CPU
		{58847B5B-91C5-4B92-89F8-507352AA20F3}.Release|x64.ActiveCfg = Release|Any CPU
		{58847B5B-91C5-4B92-89F8-507352AA20F3}.Release|x64.Build.0 = Release|Any CPU
		{58847B5B-91C5-4B92-89F8-507352AA20F3}.Release|x64.Deploy.0 = Release|Any CPU
		{58847B5B-91C5-4B92-89F8-507352AA20F3}.Release|x86.ActiveCfg = Release|Any CPU
		{58847B5B-91C5-4B92-89F8-507352AA20F3}.Release|x86.Build.0 = Release|Any CPU
		{58847B5B-91C5-4B92-89F8-507352AA20F3}.Release|x86.Deploy.0 = Release|Any CPU
	EndGlobalSection
	GlobalSection(SolutionProperties) = preSolution
		HideSolutionNode = FALSE
	EndGlobalSection
	GlobalSection(ExtensibilityGlobals) = postSolution
		SolutionGuid = {D44AFD6D-63D9-4E4F-8D9D-76A5EEF6E45B}
	EndGlobalSection
EndGlobal
